
Microsoft Visual Studio Solution File, Format Version 12.00
# Visual Studio 15
VisualStudioVersion = 15.0.27428.2005
MinimumVisualStudioVersion = 10.0.40219.1
Project("{9A19103F-16F7-4668-BE54-9A1E7A4F7556}") = "Area.Search.Web", "Area.Search.Web\Area.Search.Web.csproj", "{A954188F-7A88-4376-A55C-6598E75DA015}"
EndProject
Project("{9A19103F-16F7-4668-BE54-9A1E7A4F7556}") = "Area.Search.DataGenerator", "Area.Search.DataGenerator\Area.Search.DataGenerator.csproj", "{CA150B33-FA98-450B-AADD-F2B7283443CB}"
EndProject
Project("{FAE04EC0-301F-11D3-BF4B-00C04F79EFBC}") = "Area.Search.Repository", "Area.Search.Repository\Area.Search.Repository.csproj", "{27B01902-7472-46A0-AF49-2521DBDC4F88}"
EndProject
Project("{FAE04EC0-301F-11D3-BF4B-00C04F79EFBC}") = "Area.Search.Services", "Area.Search.Services\Area.Search.Services.csproj", "{ADF8A312-67C2-47F5-B85B-7E1430958262}"
EndProject
Project("{FAE04EC0-301F-11D3-BF4B-00C04F79EFBC}") = "Area.Search.Domain", "Area.Search.Domain\Area.Search.Domain.csproj", "{DB848902-ABAF-4915-9C3B-031685B25448}"
EndProject
Global
	GlobalSection(SolutionConfigurationPlatforms) = preSolution
		Debug|Any CPU = Debug|Any CPU
		Release|Any CPU = Release|Any CPU
	EndGlobalSection
	GlobalSection(ProjectConfigurationPlatforms) = postSolution
		{A954188F-7A88-4376-A55C-6598E75DA015}.Debug|Any CPU.ActiveCfg = Debug|Any CPU
		{A954188F-7A88-4376-A55C-6598E75DA015}.Debug|Any CPU.Build.0 = Debug|Any CPU
		{A954188F-7A88-4376-A55C-6598E75DA015}.Release|Any CPU.ActiveCfg = Release|Any CPU
		{A954188F-7A88-4376-A55C-6598E75DA015}.Release|Any CPU.Build.0 = Release|Any CPU
		{CA150B33-FA98-450B-AADD-F2B7283443CB}.Debug|Any CPU.ActiveCfg = Debug|Any CPU
		{CA150B33-FA98-450B-AADD-F2B7283443CB}.Debug|Any CPU.Build.0 = Debug|Any CPU
		{CA150B33-FA98-450B-AADD-F2B7283443CB}.Release|Any CPU.ActiveCfg = Release|Any CPU
		{CA150B33-FA98-450B-AADD-F2B7283443CB}.Release|Any CPU.Build.0 = Release|Any CPU
		{27B01902-7472-46A0-AF49-2521DBDC4F88}.Debug|Any CPU.ActiveCfg = Debug|Any CPU
		{27B01902-7472-46A0-AF49-2521DBDC4F88}.Debug|Any CPU.Build.0 = Debug|Any CPU
		{27B01902-7472-46A0-AF49-2521DBDC4F88}.Release|Any CPU.ActiveCfg = Release|Any CPU
		{27B01902-7472-46A0-AF49-2521DBDC4F88}.Release|Any CPU.Build.0 = Release|Any CPU
		{ADF8A312-67C2-47F5-B85B-7E1430958262}.Debug|Any CPU.ActiveCfg = Debug|Any CPU
		{ADF8A312-67C2-47F5-B85B-7E1430958262}.Debug|Any CPU.Build.0 = Debug|Any CPU
		{ADF8A312-67C2-47F5-B85B-7E1430958262}.Release|Any CPU.ActiveCfg = Release|Any CPU
		{ADF8A312-67C2-47F5-B85B-7E1430958262}.Release|Any CPU.Build.0 = Release|Any CPU
		{DB848902-ABAF-4915-9C3B-031685B25448}.Debug|Any CPU.ActiveCfg = Debug|Any CPU
		{DB848902-ABAF-4915-9C3B-031685B25448}.Debug|Any CPU.Build.0 = Debug|Any CPU
		{DB848902-ABAF-4915-9C3B-031685B25448}.Release|Any CPU.ActiveCfg = Release|Any CPU
		{DB848902-ABAF-4915-9C3B-031685B25448}.Release|Any CPU.Build.0 = Release|Any CPU
	EndGlobalSection
	GlobalSection(SolutionProperties) = preSolution
		HideSolutionNode = FALSE
	EndGlobalSection
	GlobalSection(ExtensibilityGlobals) = postSolution
		SolutionGuid = {413467C8-341C-41F6-841B-C77D30F3CEF7}
	EndGlobalSection
EndGlobal
